PODS:
  - RxCocoa (4.0.0-beta.0):
    - RxSwift (~> 4.0.0-beta.0)
  - RxGesture (1.1.1):
    - RxCocoa (= 4.0.0-beta.0)
    - RxSwift (= 4.0.0-beta.0)
  - RxSwift (4.0.0-beta.0)
  - SnapKit (4.0.0)

DEPENDENCIES:
  - RxCocoa (= 4.0.0-beta.0)
  - RxGesture (from `git@github.com:sidmani/RxGesture.git`, branch `swift-4`)
  - SnapKit

EXTERNAL SOURCES:
  RxGesture:
    :branch: swift-4
    :git: git@github.com:sidmani/RxGesture.git

CHECKOUT OPTIONS:
  RxGesture:
    :commit: a21055df59d91612ae9bba7b7a7dfd17f21dee30
    :git: git@github.com:sidmani/RxGesture.git

SPEC CHECKSUMS:
  RxCocoa: 8d809675f4e89c5c4c5a6900bbd11fe632ad5d86
  RxGesture: f69e3daaf144cedbf382f6cbb38cfbaf775ba4ac
  RxSwift: e0899fae37065c16db976cc5e3c957e4e388869c
  SnapKit: a42d492c16e80209130a3379f73596c3454b7694

PODFILE CHECKSUM: ce61366e0a76823bbc7455b894d5c60d9ab4e3f7

COCOAPODS: 1.2.1
